# This file was autogenerated by Stack.
# You should not edit this file by hand.
# For more information, please see the documentation at:
#   https://docs.haskellstack.org/en/stable/lock_files

packages:
- completed:
    hackage: acme-missiles-0.3@sha256:2ba66a092a32593880a87fb00f3213762d7bca65a687d45965778deb8694c5d1,613
    pantry-tree:
      sha256: 614bc0cca76937507ea0a5ccc17a504c997ce458d7f2f9e43b15a10c8eaeb033
      size: 226
  original:
    hackage: acme-missiles-0.3
- completed:
    hackage: haskell-dap-0.0.15.0@sha256:d58ec48d5f23c13675ba6a6ceb75f9ad9c0b0e90031e15cf7cd227478bad5fa5,945
    pantry-tree:
      sha256: 4126d8e2ea49a4acbd30cad46e66068167a1a599032c0ddd8fde607f703c5a23
      size: 315
  original:
    hackage: haskell-dap-0.0.15.0@sha256:d58ec48d5f23c13675ba6a6ceb75f9ad9c0b0e90031e15cf7cd227478bad5fa5,945
- completed:
    hackage: ghci-dap-0.0.19.0@sha256:5c4485b7a62d120f648c883f1f1480b25363ab5e14f6ca1ed2db526e0af1d43c,3293
    pantry-tree:
      sha256: 4a394aa45d62bf965f77e3e632ffaa4d10204417319c61a704991414cf020cb5
      size: 2894
  original:
    hackage: ghci-dap-0.0.19.0@sha256:5c4485b7a62d120f648c883f1f1480b25363ab5e14f6ca1ed2db526e0af1d43c,3293
snapshots:
- completed:
    sha256: ae630fb633086fb5128ec338a40a60c0f2b0a0f1bcfa9920c15855df2001338e
    size: 619204
    url: https://raw.githubusercontent.com/commercialhaskell/stackage-snapshots/master/lts/19/32.yaml
  original:
    url: https://raw.githubusercontent.com/commercialhaskell/stackage-snapshots/master/lts/19/32.yaml
